{
  "name": "Practice1",
  "lockfileVersion": 3,
  "requires": true,
  "packages": {
    "": {
      "dependencies": {
        "@markdown-viewer/drawio2svg": "^1.5.5"
      }
    },
    "node_modules/@markdown-viewer/drawio2svg": {
      "version": "1.5.5",
      "resolved": "https://registry.npmjs.org/@markdown-viewer/drawio2svg/-/drawio2svg-1.5.5.tgz",
      "integrity": "sha512-jem5Vc/dVqSdRpyFJTCUn6+gWV2U458cyf75lAOsMzZ/V9CX+Wvq5riLhPLjb2BAOOP6/j4Ku1n4Z4ki7CUEVg==",
      "license": "GPL-3.0-only",
      "dependencies": {
        "@markdown-viewer/text-measure": "^1.1.1",
        "pako": "^2.1.0"
      },
      "engines": {
        "fibjs": ">=0.38.0"
      }
    },
    "node_modules/@markdown-viewer/text-measure": {
      "version": "1.1.2",
      "resolved": "https://registry.npmjs.org/@markdown-viewer/text-measure/-/text-measure-1.1.2.tgz",
      "integrity": "sha512-axBfN0BUtMx9DvZx3QxrqkWnYvTUWzLGrGxahrfgXJT84/IaI5cfElTewcGwpFOvQBo57MFnjE4EyIR7H6Yk1g==",
      "license": "MIT",
      "engines": {
        "fibjs": ">=0.38.0"
      }
    },
    "node_modules/pako": {
      "version": "2.2.0",
      "resolved": "https://registry.npmjs.org/pako/-/pako-2.2.0.tgz",
      "integrity": "sha512-zJq6RP/5q+TO2OpFV3FHzlPnFjmkb7Nc99a5SNjJE+uu/PkpChs+NIZSSzbBoD+6kjiISXjfYdwj1ZRQ81dz/w==",
      "funding": [
        {
          "type": "github",
          "url": "https://github.com/sponsors/puzrin"
        },
        {
          "type": "github",
          "url": "https://github.com/sponsors/nodeca"
        }
      ],
      "license": "(MIT AND Zlib)"
    }
  }
}
